PODS:
  - HandyJSON (1.7.2)
  - SCLAlertView (0.7.0)

DEPENDENCIES:
  - HandyJSON (~> 1.7.2)
  - SCLAlertView

SPEC CHECKSUMS:
  HandyJSON: e7ad0483005826baba1d1c251cd98d0aa8bd8cce
  SCLAlertView: 8a14ffc40590c619e183eed2298b854385f30be1

PODFILE CHECKSUM: a49de5d95f7d6159a203ad27f28a0a3a3d3de9d1

COCOAPODS: 1.2.1
