// !$*UTF8*$!
{
	archiveVersion = 1;
	classes = {
	};
	objectVersion = 46;
	objects = {

/* Begin PBXBuildFile section */
		2A3064786040618750866F3C /* Pods_VeetoApp.framework in Frameworks */ = {isa = PBXBuildFile; fileRef = 9959DECA2BA04D5C5A9D17F7 /* Pods_VeetoApp.framework */; };
		64DB5E6476A2A5D5B529BD89 /* Pods_VeetoAppTests.framework in Frameworks */ = {isa = PBXBuildFile; fileRef = B36F1E0D27D4460C1E623FED /* Pods_VeetoAppTests.framework */; };
		A20A03451F0FF276004C21B1 /* Constants.swift in Sources */ = {isa = PBXBuildFile; fileRef = A20A03441F0FF276004C21B1 /* Constants.swift */; };
		A20A03471F100517004C21B1 /* GameViewController.swift in Sources */ = {isa = PBXBuildFile; fileRef = A20A03461F100517004C21B1 /* GameViewController.swift */; };
		A215C7C01F1696D400F3B139 /* CardCollectionViewCell.swift in Sources */ = {isa = PBXBuildFile; fileRef = A215C7BF1F1696D400F3B139 /* CardCollectionViewCell.swift */; };
		A240B0701F13EE6E00592B04 /* FinalResultViewController.swift in Sources */ = {isa = PBXBuildFile; fileRef = A240B06F1F13EE6E00592B04 /* FinalResultViewController.swift */; };
		A24A11871F0ACD9500B73D92 /* AppDelegate.swift in Sources */ = {isa = PBXBuildFile; fileRef = A24A11861F0ACD9500B73D92 /* AppDelegate.swift */; };
		A24A11891F0ACD9500B73D92 /* MenuViewController.swift in Sources */ = {isa = PBXBuildFile; fileRef = A24A11881F0ACD9500B73D92 /* MenuViewController.swift */; };
		A24A118C1F0ACD9500B73D92 /* Main.storyboard in Resources */ = {isa = PBXBuildFile; fileRef = A24A118A1F0ACD9500B73D92 /* Main.storyboard */; };
		A24A118F1F0ACD9500B73D92 /* VeetoApp.xcdatamodeld in Sources */ = {isa = PBXBuildFile; fileRef = A24A118D1F0ACD9500B73D92 /* VeetoApp.xcdatamodeld */; };
		A24A11911F0ACD9500B73D92 /* Assets.xcassets in Resources */ = {isa = PBXBuildFile; fileRef = A24A11901F0ACD9500B73D92 /* Assets.xcassets */; };
		A24A11941F0ACD9500B73D92 /* LaunchScreen.storyboard in Resources */ = {isa = PBXBuildFile; fileRef = A24A11921F0ACD9500B73D92 /* LaunchScreen.storyboard */; };
		A24A119F1F0ACD9500B73D92 /* VeetoAppTests.swift in Sources */ = {isa = PBXBuildFile; fileRef = A24A119E1F0ACD9500B73D92 /* VeetoAppTests.swift */; };
		A24A11AA1F0ACD9500B73D92 /* VeetoAppUITests.swift in Sources */ = {isa = PBXBuildFile; fileRef = A24A11A91F0ACD9500B73D92 /* VeetoAppUITests.swift */; };
		A24A11B81F0AD19300B73D92 /* Green Gradient.jpg in Resources */ = {isa = PBXBuildFile; fileRef = A24A11B71F0AD19300B73D92 /* Green Gradient.jpg */; };
		A259BB581F169BC00019A7D8 /* Podfile in Resources */ = {isa = PBXBuildFile; fileRef = A259BB571F169BC00019A7D8 /* Podfile */; };
		A282F44D1F2128F7005E3B3F /* JsonHelper.swift in Sources */ = {isa = PBXBuildFile; fileRef = A282F44C1F2128F7005E3B3F /* JsonHelper.swift */; };
		A282F44F1F212A78005E3B3F /* CardProvider.swift in Sources */ = {isa = PBXBuildFile; fileRef = A282F44E1F212A78005E3B3F /* CardProvider.swift */; };
		A296F91F1F1FC59E00D6F7F3 /* AVFoundation.framework in Frameworks */ = {isa = PBXBuildFile; fileRef = A296F91E1F1FC59E00D6F7F3 /* AVFoundation.framework */; };
		A2A434A61F2653400045E1D7 /* correct.wav in Resources */ = {isa = PBXBuildFile; fileRef = A2A434A01F2653400045E1D7 /* correct.wav */; };
		A2A434A71F2653400045E1D7 /* end.mp3 in Resources */ = {isa = PBXBuildFile; fileRef = A2A434A11F2653400045E1D7 /* end.mp3 */; };
		A2A434A81F2653400045E1D7 /* pass-end-game.mp3 in Resources */ = {isa = PBXBuildFile; fileRef = A2A434A21F2653400045E1D7 /* pass-end-game.mp3 */; };
		A2A434A91F2653400045E1D7 /* pass1.mp3 in Resources */ = {isa = PBXBuildFile; fileRef = A2A434A31F2653400045E1D7 /* pass1.mp3 */; };
		A2A434AA1F2653400045E1D7 /* start.mp3 in Resources */ = {isa = PBXBuildFile; fileRef = A2A434A41F2653400045E1D7 /* start.mp3 */; };
		A2A434AB1F2653400045E1D7 /* tic-tac.wav in Resources */ = {isa = PBXBuildFile; fileRef = A2A434A51F2653400045E1D7 /* tic-tac.wav */; };
		A2A434AE1F265FE80045E1D7 /* Neon.ttf in Resources */ = {isa = PBXBuildFile; fileRef = A2A4349F1F2653240045E1D7 /* Neon.ttf */; };
		A2DFCB081F1D25CE008E721C /* AVFoundation.framework in Frameworks */ = {isa = PBXBuildFile; fileRef = A2DFCB071F1D25CE008E721C /* AVFoundation.framework */; };
		A2DFCB0A1F1D2BF2008E721C /* Card.swift in Sources */ = {isa = PBXBuildFile; fileRef = A2DFCB091F1D2BF2008E721C /* Card.swift */; };
		A2DFCB0C1F1D2ECE008E721C /* veetoCards.json in Resources */ = {isa = PBXBuildFile; fileRef = A2DFCB0B1F1D2ECE008E721C /* veetoCards.json */; };
		A2FC5F031F0D42010050E629 /* SingleModeViewController.swift in Sources */ = {isa = PBXBuildFile; fileRef = A2FC5F021F0D42010050E629 /* SingleModeViewController.swift */; };
		A2FC5F071F0D45780050E629 /* ResultViewController.swift in Sources */ = {isa = PBXBuildFile; fileRef = A2FC5F061F0D45780050E629 /* ResultViewController.swift */; };
		B21BC7EB61A2C0FAAFCD9FC4 /* Pods_VeetoAppUITests.framework in Frameworks */ = {isa = PBXBuildFile; fileRef = 4FD2D85DFED96955096697F0 /* Pods_VeetoAppUITests.framework */; };
/* End PBXBuildFile section */

/* Begin PBXContainerItemProxy section */
		A24A119B1F0ACD9500B73D92 /* PBXContainerItemProxy */ = {
			isa = PBXContainerItemProxy;
			containerPortal = A24A117B1F0ACD9500B73D92 /* Project object */;
			proxyType = 1;
			remoteGlobalIDString = A24A11821F0ACD9500B73D92;
			remoteInfo = VeetoApp;
		};
		A24A11A61F0ACD9500B73D92 /* PBXContainerItemProxy */ = {
			isa = PBXContainerItemProxy;
			containerPortal = A24A117B1F0ACD9500B73D92 /* Project object */;
			proxyType = 1;
			remoteGlobalIDString = A24A11821F0ACD9500B73D92;
			remoteInfo = VeetoApp;
		};
/* End PBXContainerItemProxy section */

/* Begin PBXFileReference section */
		26B229150EBC2C853DBA2AD4 /* Pods-VeetoApp.release.xcconfig */ = {isa = PBXFileReference; includeInIndex = 1; lastKnownFileType = text.xcconfig; name = "Pods-VeetoApp.release.xcconfig"; path = "Pods/Target Support Files/Pods-VeetoApp/Pods-VeetoApp.release.xcconfig"; sourceTree = "<group>"; };
		4794831C131C9732B6B21F40 /* Pods-VeetoAppTests.debug.xcconfig */ = {isa = PBXFileReference; includeInIndex = 1; lastKnownFileType = text.xcconfig; name = "Pods-VeetoAppTests.debug.xcconfig"; path = "Pods/Target Support Files/Pods-VeetoAppTests/Pods-VeetoAppTests.debug.xcconfig"; sourceTree = "<group>"; };
		4FD2D85DFED96955096697F0 /* Pods_VeetoAppUITests.framework */ = {isa = PBXFileReference; explicitFileType = wrapper.framework; includeInIndex = 0; path = Pods_VeetoAppUITests.framework; sourceTree = BUILT_PRODUCTS_DIR; };
		594809CB36C97B8B749016C7 /* Pods-VeetoApp.debug.xcconfig */ = {isa = PBXFileReference; includeInIndex = 1; lastKnownFileType = text.xcconfig; name = "Pods-VeetoApp.debug.xcconfig"; path = "Pods/Target Support Files/Pods-VeetoApp/Pods-VeetoApp.debug.xcconfig"; sourceTree = "<group>"; };
		7867A23B0B4294DCAD347E65 /* Pods-VeetoAppUITests.debug.xcconfig */ = {isa = PBXFileReference; includeInIndex = 1; lastKnownFileType = text.xcconfig; name = "Pods-VeetoAppUITests.debug.xcconfig"; path = "Pods/Target Support Files/Pods-VeetoAppUITests/Pods-VeetoAppUITests.debug.xcconfig"; sourceTree = "<group>"; };
		942C8FFF7232FB2958E9B229 /* Pods-VeetoAppTests.release.xcconfig */ = {isa = PBXFileReference; includeInIndex = 1; lastKnownFileType = text.xcconfig; name = "Pods-VeetoAppTests.release.xcconfig"; path = "Pods/Target Support Files/Pods-VeetoAppTests/Pods-VeetoAppTests.release.xcconfig"; sourceTree = "<group>"; };
		9959DECA2BA04D5C5A9D17F7 /* Pods_VeetoApp.framework */ = {isa = PBXFileReference; explicitFileType = wrapper.framework; includeInIndex = 0; path = Pods_VeetoApp.framework; sourceTree = BUILT_PRODUCTS_DIR; };
		A20A03441F0FF276004C21B1 /* Constants.swift */ = {isa = PBXFileReference; fileEncoding = 4; lastKnownFileType = sourcecode.swift; path = Constants.swift; sourceTree = "<group>"; };
		A20A03461F100517004C21B1 /* GameViewController.swift */ = {isa = PBXFileReference; fileEncoding = 4; lastKnownFileType = sourcecode.swift; path = GameViewController.swift; sourceTree = "<group>"; };
		A215C7BF1F1696D400F3B139 /* CardCollectionViewCell.swift */ = {isa = PBXFileReference; fileEncoding = 4; lastKnownFileType = sourcecode.swift; path = CardCollectionViewCell.swift; sourceTree = "<group>"; };
		A240B06F1F13EE6E00592B04 /* FinalResultViewController.swift */ = {isa = PBXFileReference; fileEncoding = 4; lastKnownFileType = sourcecode.swift; path = FinalResultViewController.swift; sourceTree = "<group>"; };
		A24A11831F0ACD9500B73D92 /* VeetoApp.app */ = {isa = PBXFileReference; explicitFileType = wrapper.application; includeInIndex = 0; path = VeetoApp.app; sourceTree = BUILT_PRODUCTS_DIR; };
		A24A11861F0ACD9500B73D92 /* AppDelegate.swift */ = {isa = PBXFileReference; lastKnownFileType = sourcecode.swift; path = AppDelegate.swift; sourceTree = "<group>"; };
		A24A11881F0ACD9500B73D92 /* MenuViewController.swift */ = {isa = PBXFileReference; lastKnownFileType = sourcecode.swift; path = MenuViewController.swift; sourceTree = "<group>"; };
		A24A118B1F0ACD9500B73D92 /* Base */ = {isa = PBXFileReference; lastKnownFileType = file.storyboard; name = Base; path = Base.lproj/Main.storyboard; sourceTree = "<group>"; };
		A24A118E1F0ACD9500B73D92 /* VeetoApp.xcdatamodel */ = {isa = PBXFileReference; lastKnownFileType = wrapper.xcdatamodel; path = VeetoApp.xcdatamodel; sourceTree = "<group>"; };
		A24A11901F0ACD9500B73D92 /* Assets.xcassets */ = {isa = PBXFileReference; lastKnownFileType = folder.assetcatalog; path = Assets.xcassets; sourceTree = "<group>"; };
		A24A11931F0ACD9500B73D92 /* Base */ = {isa = PBXFileReference; lastKnownFileType = file.storyboard; name = Base; path = Base.lproj/LaunchScreen.storyboard; sourceTree = "<group>"; };
		A24A11951F0ACD9500B73D92 /* Info.plist */ = {isa = PBXFileReference; lastKnownFileType = text.plist.xml; path = Info.plist; sourceTree = "<group>"; };
		A24A119A1F0ACD9500B73D92 /* VeetoAppTests.xctest */ = {isa = PBXFileReference; explicitFileType = wrapper.cfbundle; includeInIndex = 0; path = VeetoAppTests.xctest; sourceTree = BUILT_PRODUCTS_DIR; };
		A24A119E1F0ACD9500B73D92 /* VeetoAppTests.swift */ = {isa = PBXFileReference; lastKnownFileType = sourcecode.swift; path = VeetoAppTests.swift; sourceTree = "<group>"; };
		A24A11A01F0ACD9500B73D92 /* Info.plist */ = {isa = PBXFileReference; lastKnownFileType = text.plist.xml; path = Info.plist; sourceTree = "<group>"; };
		A24A11A51F0ACD9500B73D92 /* VeetoAppUITests.xctest */ = {isa = PBXFileReference; explicitFileType = wrapper.cfbundle; includeInIndex = 0; path = VeetoAppUITests.xctest; sourceTree = BUILT_PRODUCTS_DIR; };
		A24A11A91F0ACD9500B73D92 /* VeetoAppUITests.swift */ = {isa = PBXFileReference; lastKnownFileType = sourcecode.swift; path = VeetoAppUITests.swift; sourceTree = "<group>"; };
		A24A11AB1F0ACD9500B73D92 /* Info.plist */ = {isa = PBXFileReference; lastKnownFileType = text.plist.xml; path = Info.plist; sourceTree = "<group>"; };
		A24A11B71F0AD19300B73D92 /* Green Gradient.jpg */ = {isa = PBXFileReference; lastKnownFileType = image.jpeg; path = "Green Gradient.jpg"; sourceTree = "<group>"; };
		A259BB571F169BC00019A7D8 /* Podfile */ = {isa = PBXFileReference; fileEncoding = 4; lastKnownFileType = text; path = Podfile; sourceTree = "<group>"; xcLanguageSpecificationIdentifier = xcode.lang.ruby; };
		A282F44C1F2128F7005E3B3F /* JsonHelper.swift */ = {isa = PBXFileReference; fileEncoding = 4; lastKnownFileType = sourcecode.swift; path = JsonHelper.swift; sourceTree = "<group>"; };
		A282F44E1F212A78005E3B3F /* CardProvider.swift */ = {isa = PBXFileReference; fileEncoding = 4; lastKnownFileType = sourcecode.swift; path = CardProvider.swift; sourceTree = "<group>"; };
		A296F91E1F1FC59E00D6F7F3 /* AVFoundation.framework */ = {isa = PBXFileReference; lastKnownFileType = wrapper.framework; name = AVFoundation.framework; path = System/Library/Frameworks/AVFoundation.framework; sourceTree = SDKROOT; };
		A2A4349F1F2653240045E1D7 /* Neon.ttf */ = {isa = PBXFileReference; lastKnownFileType = file; name = Neon.ttf; path = ../../Downloads/Neon.ttf; sourceTree = "<group>"; };
		A2A434A01F2653400045E1D7 /* correct.wav */ = {isa = PBXFileReference; lastKnownFileType = audio.wav; name = correct.wav; path = ../sounds/correct.wav; sourceTree = "<group>"; };
		A2A434A11F2653400045E1D7 /* end.mp3 */ = {isa = PBXFileReference; lastKnownFileType = audio.mp3; name = end.mp3; path = ../sounds/end.mp3; sourceTree = "<group>"; };
		A2A434A21F2653400045E1D7 /* pass-end-game.mp3 */ = {isa = PBXFileReference; lastKnownFileType = audio.mp3; name = "pass-end-game.mp3"; path = "../sounds/pass-end-game.mp3"; sourceTree = "<group>"; };
		A2A434A31F2653400045E1D7 /* pass1.mp3 */ = {isa = PBXFileReference; lastKnownFileType = audio.mp3; name = pass1.mp3; path = ../sounds/pass1.mp3; sourceTree = "<group>"; };
		A2A434A41F2653400045E1D7 /* start.mp3 */ = {isa = PBXFileReference; lastKnownFileType = audio.mp3; name = start.mp3; path = ../sounds/start.mp3; sourceTree = "<group>"; };
		A2A434A51F2653400045E1D7 /* tic-tac.wav */ = {isa = PBXFileReference; lastKnownFileType = audio.wav; name = "tic-tac.wav"; path = "../sounds/tic-tac.wav"; sourceTree = "<group>"; };
		A2DFCB071F1D25CE008E721C /* AVFoundation.framework */ = {isa = PBXFileReference; lastKnownFileType = wrapper.framework; name = AVFoundation.framework; path = System/Library/Frameworks/AVFoundation.framework; sourceTree = SDKROOT; };
		A2DFCB091F1D2BF2008E721C /* Card.swift */ = {isa = PBXFileReference; fileEncoding = 4; lastKnownFileType = sourcecode.swift; path = Card.swift; sourceTree = "<group>"; };
		A2DFCB0B1F1D2ECE008E721C /* veetoCards.json */ = {isa = PBXFileReference; fileEncoding = 4; lastKnownFileType = text.json; path = veetoCards.json; sourceTree = "<group>"; };
		A2FC5F021F0D42010050E629 /* SingleModeViewController.swift */ = {isa = PBXFileReference; fileEncoding = 4; lastKnownFileType = sourcecode.swift; path = SingleModeViewController.swift; sourceTree = "<group>"; };
		A2FC5F061F0D45780050E629 /* ResultViewController.swift */ = {isa = PBXFileReference; fileEncoding = 4; lastKnownFileType = sourcecode.swift; path = ResultViewController.swift; sourceTree = "<group>"; };
		B36F1E0D27D4460C1E623FED /* Pods_VeetoAppTests.framework */ = {isa = PBXFileReference; explicitFileType = wrapper.framework; includeInIndex = 0; path = Pods_VeetoAppTests.framework; sourceTree = BUILT_PRODUCTS_DIR; };
		FA2FEF6631257D02FCB783C7 /* Pods-VeetoAppUITests.release.xcconfig */ = {isa = PBXFileReference; includeInIndex = 1; lastKnownFileType = text.xcconfig; name = "Pods-VeetoAppUITests.release.xcconfig"; path = "Pods/Target Support Files/Pods-VeetoAppUITests/Pods-VeetoAppUITests.release.xcconfig"; sourceTree = "<group>"; };
/* End PBXFileReference section */

/* Begin PBXFrameworksBuildPhase section */
		A24A11801F0ACD9500B73D92 /* Frameworks */ = {
			isa = PBXFrameworksBuildPhase;
			buildActionMask = 2147483647;
			files = (
				A296F91F1F1FC59E00D6F7F3 /* AVFoundation.framework in Frameworks */,
				A2DFCB081F1D25CE008E721C /* AVFoundation.framework in Frameworks */,
				2A3064786040618750866F3C /* Pods_VeetoApp.framework in Frameworks */,
			);
			runOnlyForDeploymentPostprocessing = 0;
		};
		A24A11971F0ACD9500B73D92 /* Frameworks */ = {
			isa = PBXFrameworksBuildPhase;
			buildActionMask = 2147483647;
			files = (
				64DB5E6476A2A5D5B529BD89 /* Pods_VeetoAppTests.framework in Frameworks */,
			);
			runOnlyForDeploymentPostprocessing = 0;
		};
		A24A11A21F0ACD9500B73D92 /* Frameworks */ = {
			isa = PBXFrameworksBuildPhase;
			buildActionMask = 2147483647;
			files = (
				B21BC7EB61A2C0FAAFCD9FC4 /* Pods_VeetoAppUITests.framework in Frameworks */,
			);
			runOnlyForDeploymentPostprocessing = 0;
		};
/* End PBXFrameworksBuildPhase section */

/* Begin PBXGroup section */
		2688AE319D0A43051D154A4E /* Frameworks */ = {
			isa = PBXGroup;
			children = (
				A296F91E1F1FC59E00D6F7F3 /* AVFoundation.framework */,
				A2DFCB071F1D25CE008E721C /* AVFoundation.framework */,
				9959DECA2BA04D5C5A9D17F7 /* Pods_VeetoApp.framework */,
				B36F1E0D27D4460C1E623FED /* Pods_VeetoAppTests.framework */,
				4FD2D85DFED96955096697F0 /* Pods_VeetoAppUITests.framework */,
			);
			name = Frameworks;
			sourceTree = "<group>";
		};
		8B78437237280C115C1BCD69 /* Pods */ = {
			isa = PBXGroup;
			children = (
				594809CB36C97B8B749016C7 /* Pods-VeetoApp.debug.xcconfig */,
				26B229150EBC2C853DBA2AD4 /* Pods-VeetoApp.release.xcconfig */,
				4794831C131C9732B6B21F40 /* Pods-VeetoAppTests.debug.xcconfig */,
				942C8FFF7232FB2958E9B229 /* Pods-VeetoAppTests.release.xcconfig */,
				7867A23B0B4294DCAD347E65 /* Pods-VeetoAppUITests.debug.xcconfig */,
				FA2FEF6631257D02FCB783C7 /* Pods-VeetoAppUITests.release.xcconfig */,
			);
			name = Pods;
			sourceTree = "<group>";
		};
		A24A117A1F0ACD9500B73D92 = {
			isa = PBXGroup;
			children = (
				A296F9201F1FCA6C00D6F7F3 /* ResourcesFiles */,
				A259BB571F169BC00019A7D8 /* Podfile */,
				A24A11851F0ACD9500B73D92 /* VeetoApp */,
				A24A119D1F0ACD9500B73D92 /* VeetoAppTests */,
				A24A11A81F0ACD9500B73D92 /* VeetoAppUITests */,
				A24A11841F0ACD9500B73D92 /* Products */,
				8B78437237280C115C1BCD69 /* Pods */,
				2688AE319D0A43051D154A4E /* Frameworks */,
			);
			sourceTree = "<group>";
		};
		A24A11841F0ACD9500B73D92 /* Products */ = {
			isa = PBXGroup;
			children = (
				A24A11831F0ACD9500B73D92 /* VeetoApp.app */,
				A24A119A1F0ACD9500B73D92 /* VeetoAppTests.xctest */,
				A24A11A51F0ACD9500B73D92 /* VeetoAppUITests.xctest */,
			);
			name = Products;
			sourceTree = "<group>";
		};
		A24A11851F0ACD9500B73D92 /* VeetoApp */ = {
			isa = PBXGroup;
			children = (
				A2DFCB0B1F1D2ECE008E721C /* veetoCards.json */,
				A2DFCB091F1D2BF2008E721C /* Card.swift */,
				A24A11861F0ACD9500B73D92 /* AppDelegate.swift */,
				A24A11881F0ACD9500B73D92 /* MenuViewController.swift */,
				A24A118A1F0ACD9500B73D92 /* Main.storyboard */,
				A24A11901F0ACD9500B73D92 /* Assets.xcassets */,
				A24A11B71F0AD19300B73D92 /* Green Gradient.jpg */,
				A24A11921F0ACD9500B73D92 /* LaunchScreen.storyboard */,
				A24A11951F0ACD9500B73D92 /* Info.plist */,
				A24A118D1F0ACD9500B73D92 /* VeetoApp.xcdatamodeld */,
				A2FC5F021F0D42010050E629 /* SingleModeViewController.swift */,
				A2FC5F061F0D45780050E629 /* ResultViewController.swift */,
				A20A03441F0FF276004C21B1 /* Constants.swift */,
				A20A03461F100517004C21B1 /* GameViewController.swift */,
				A240B06F1F13EE6E00592B04 /* FinalResultViewController.swift */,
				A215C7BF1F1696D400F3B139 /* CardCollectionViewCell.swift */,
				A282F44C1F2128F7005E3B3F /* JsonHelper.swift */,
				A282F44E1F212A78005E3B3F /* CardProvider.swift */,
			);
			path = VeetoApp;
			sourceTree = "<group>";
		};
		A24A119D1F0ACD9500B73D92 /* VeetoAppTests */ = {
			isa = PBXGroup;
			children = (
				A24A119E1F0ACD9500B73D92 /* VeetoAppTests.swift */,
				A24A11A01F0ACD9500B73D92 /* Info.plist */,
			);
			path = VeetoAppTests;
			sourceTree = "<group>";
		};
		A24A11A81F0ACD9500B73D92 /* VeetoAppUITests */ = {
			isa = PBXGroup;
			children = (
				A24A11A91F0ACD9500B73D92 /* VeetoAppUITests.swift */,
				A24A11AB1F0ACD9500B73D92 /* Info.plist */,
			);
			path = VeetoAppUITests;
			sourceTree = "<group>";
		};
		A296F9201F1FCA6C00D6F7F3 /* ResourcesFiles */ = {
			isa = PBXGroup;
			children = (
				A2A4349F1F2653240045E1D7 /* Neon.ttf */,
				A296F9211F1FCA8900D6F7F3 /* Sound */,
			);
			name = ResourcesFiles;
			sourceTree = "<group>";
		};
		A296F9211F1FCA8900D6F7F3 /* Sound */ = {
			isa = PBXGroup;
			children = (
				A2A434A01F2653400045E1D7 /* correct.wav */,
				A2A434A11F2653400045E1D7 /* end.mp3 */,
				A2A434A21F2653400045E1D7 /* pass-end-game.mp3 */,
				A2A434A31F2653400045E1D7 /* pass1.mp3 */,
				A2A434A41F2653400045E1D7 /* start.mp3 */,
				A2A434A51F2653400045E1D7 /* tic-tac.wav */,
			);
			name = Sound;
			sourceTree = "<group>";
		};
/* End PBXGroup section */

/* Begin PBXNativeTarget section */
		A24A11821F0ACD9500B73D92 /* VeetoApp */ = {
			isa = PBXNativeTarget;
			buildConfigurationList = A24A11AE1F0ACD9500B73D92 /* Build configuration list for PBXNativeTarget "VeetoApp" */;
			buildPhases = (
				692184265A8D9A8B012B2EDC /* [CP] Check Pods Manifest.lock */,
				A24A117F1F0ACD9500B73D92 /* Sources */,
				A24A11801F0ACD9500B73D92 /* Frameworks */,
				A24A11811F0ACD9500B73D92 /* Resources */,
				7C2E7BFE4B1643061EBBDBA2 /* [CP] Embed Pods Frameworks */,
				93E7BEE51D7528F7E583EA9C /* [CP] Copy Pods Resources */,
			);
			buildRules = (
			);
			dependencies = (
			);
			name = VeetoApp;
			productName = VeetoApp;
			productReference = A24A11831F0ACD9500B73D92 /* VeetoApp.app */;
			productType = "com.apple.product-type.application";
		};
		A24A11991F0ACD9500B73D92 /* VeetoAppTests */ = {
			isa = PBXNativeTarget;
			buildConfigurationList = A24A11B11F0ACD9500B73D92 /* Build configuration list for PBXNativeTarget "VeetoAppTests" */;
			buildPhases = (
				30C29039A569E0B72FA13F33 /* [CP] Check Pods Manifest.lock */,
				A24A11961F0ACD9500B73D92 /* Sources */,
				A24A11971F0ACD9500B73D92 /* Frameworks */,
				A24A11981F0ACD9500B73D92 /* Resources */,
				84FC8412D079FB43573B0D12 /* [CP] Embed Pods Frameworks */,
				4CAD58F036FC5B572132A783 /* [CP] Copy Pods Resources */,
			);
			buildRules = (
			);
			dependencies = (
				A24A119C1F0ACD9500B73D92 /* PBXTargetDependency */,
			);
			name = VeetoAppTests;
			productName = VeetoAppTests;
			productReference = A24A119A1F0ACD9500B73D92 /* VeetoAppTests.xctest */;
			productType = "com.apple.product-type.bundle.unit-test";
		};
		A24A11A41F0ACD9500B73D92 /* VeetoAppUITests */ = {
			isa = PBXNativeTarget;
			buildConfigurationList = A24A11B41F0ACD9500B73D92 /* Build configuration list for PBXNativeTarget "VeetoAppUITests" */;
			buildPhases = (
				0F350B679134078155949DAE /* [CP] Check Pods Manifest.lock */,
				A24A11A11F0ACD9500B73D92 /* Sources */,
				A24A11A21F0ACD9500B73D92 /* Frameworks */,
				A24A11A31F0ACD9500B73D92 /* Resources */,
				9CC87F42B628C91BA6E15B64 /* [CP] Embed Pods Frameworks */,
				31CDAE49AB7B11FCA0936D96 /* [CP] Copy Pods Resources */,
			);
			buildRules = (
			);
			dependencies = (
				A24A11A71F0ACD9500B73D92 /* PBXTargetDependency */,
			);
			name = VeetoAppUITests;
			productName = VeetoAppUITests;
			productReference = A24A11A51F0ACD9500B73D92 /* VeetoAppUITests.xctest */;
			productType = "com.apple.product-type.bundle.ui-testing";
		};
/* End PBXNativeTarget section */

/* Begin PBXProject section */
		A24A117B1F0ACD9500B73D92 /* Project object */ = {
			isa = PBXProject;
			attributes = {
				LastSwiftUpdateCheck = 0830;
				LastUpgradeCheck = 0830;
				ORGANIZATIONNAME = IFCE;
				TargetAttributes = {
					A24A11821F0ACD9500B73D92 = {
						CreatedOnToolsVersion = 8.3.3;
						DevelopmentTeam = YE6GS5VH8M;
						ProvisioningStyle = Automatic;
					};
					A24A11991F0ACD9500B73D92 = {
						CreatedOnToolsVersion = 8.3.3;
						ProvisioningStyle = Automatic;
						TestTargetID = A24A11821F0ACD9500B73D92;
					};
					A24A11A41F0ACD9500B73D92 = {
						CreatedOnToolsVersion = 8.3.3;
						ProvisioningStyle = Automatic;
						TestTargetID = A24A11821F0ACD9500B73D92;
					};
				};
			};
			buildConfigurationList = A24A117E1F0ACD9500B73D92 /* Build configuration list for PBXProject "VeetoApp" */;
			compatibilityVersion = "Xcode 3.2";
			developmentRegion = English;
			hasScannedForEncodings = 0;
			knownRegions = (
				en,
				Base,
			);
			mainGroup = A24A117A1F0ACD9500B73D92;
			productRefGroup = A24A11841F0ACD9500B73D92 /* Products */;
			projectDirPath = "";
			projectRoot = "";
			targets = (
				A24A11821F0ACD9500B73D92 /* VeetoApp */,
				A24A11991F0ACD9500B73D92 /* VeetoAppTests */,
				A24A11A41F0ACD9500B73D92 /* VeetoAppUITests */,
			);
		};
/* End PBXProject section */

/* Begin PBXResourcesBuildPhase section */
		A24A11811F0ACD9500B73D92 /* Resources */ = {
			isa = PBXResourcesBuildPhase;
			buildActionMask = 2147483647;
			files = (
				A259BB581F169BC00019A7D8 /* Podfile in Resources */,
				A2A434A91F2653400045E1D7 /* pass1.mp3 in Resources */,
				A24A11B81F0AD19300B73D92 /* Green Gradient.jpg in Resources */,
				A24A11941F0ACD9500B73D92 /* LaunchScreen.storyboard in Resources */,
				A2A434AB1F2653400045E1D7 /* tic-tac.wav in Resources */,
				A2DFCB0C1F1D2ECE008E721C /* veetoCards.json in Resources */,
				A2A434A71F2653400045E1D7 /* end.mp3 in Resources */,
				A2A434A61F2653400045E1D7 /* correct.wav in Resources */,
				A2A434AE1F265FE80045E1D7 /* Neon.ttf in Resources */,
				A24A11911F0ACD9500B73D92 /* Assets.xcassets in Resources */,
				A2A434AA1F2653400045E1D7 /* start.mp3 in Resources */,
				A24A118C1F0ACD9500B73D92 /* Main.storyboard in Resources */,
				A2A434A81F2653400045E1D7 /* pass-end-game.mp3 in Resources */,
			);
			runOnlyForDeploymentPostprocessing = 0;
		};
		A24A11981F0ACD9500B73D92 /* Resources */ = {
			isa = PBXResourcesBuildPhase;
			buildActionMask = 2147483647;
			files = (
			);
			runOnlyForDeploymentPostprocessing = 0;
		};
		A24A11A31F0ACD9500B73D92 /* Resources */ = {
			isa = PBXResourcesBuildPhase;
			buildActionMask = 2147483647;
			files = (
			);
			runOnlyForDeploymentPostprocessing = 0;
		};
/* End PBXResourcesBuildPhase section */

/* Begin PBXShellScriptBuildPhase section */
		0F350B679134078155949DAE /* [CP] Check Pods Manifest.lock */ = {
			isa = PBXShellScriptBuildPhase;
			buildActionMask = 2147483647;
			files = (
			);
			inputPaths = (
			);
			name = "[CP] Check Pods Manifest.lock";
			outputPaths = (
			);
			runOnlyForDeploymentPostprocessing = 0;
			shellPath = /bin/sh;
			shellScript = "diff \"${PODS_PODFILE_DIR_PATH}/Podfile.lock\" \"${PODS_ROOT}/Manifest.lock\" > /dev/null\nif [ $? != 0 ] ; then\n    # print error to STDERR\n    echo \"error: The sandbox is not in sync with the Podfile.lock. Run 'pod install' or update your CocoaPods installation.\" >&2\n    exit 1\nfi\n";
			showEnvVarsInLog = 0;
		};
		30C29039A569E0B72FA13F33 /* [CP] Check Pods Manifest.lock */ = {
			isa = PBXShellScriptBuildPhase;
			buildActionMask = 2147483647;
			files = (
			);
			inputPaths = (
			);
			name = "[CP] Check Pods Manifest.lock";
			outputPaths = (
			);
			runOnlyForDeploymentPostprocessing = 0;
			shellPath = /bin/sh;
			shellScript = "diff \"${PODS_PODFILE_DIR_PATH}/Podfile.lock\" \"${PODS_ROOT}/Manifest.lock\" > /dev/null\nif [ $? != 0 ] ; then\n    # print error to STDERR\n    echo \"error: The sandbox is not in sync with the Podfile.lock. Run 'pod install' or update your CocoaPods installation.\" >&2\n    exit 1\nfi\n";
			showEnvVarsInLog = 0;
		};
		31CDAE49AB7B11FCA0936D96 /* [CP] Copy Pods Resources */ = {
			isa = PBXShellScriptBuildPhase;
			buildActionMask = 2147483647;
			files = (
			);
			inputPaths = (
			);
			name = "[CP] Copy Pods Resources";
			outputPaths = (
			);
			runOnlyForDeploymentPostprocessing = 0;
			shellPath = /bin/sh;
			shellScript = "\"${SRCROOT}/Pods/Target Support Files/Pods-VeetoAppUITests/Pods-VeetoAppUITests-resources.sh\"\n";
			showEnvVarsInLog = 0;
		};
		4CAD58F036FC5B572132A783 /* [CP] Copy Pods Resources */ = {
			isa = PBXShellScriptBuildPhase;
			buildActionMask = 2147483647;
			files = (
			);
			inputPaths = (
			);
			name = "[CP] Copy Pods Resources";
			outputPaths = (
			);
			runOnlyForDeploymentPostprocessing = 0;
			shellPath = /bin/sh;
			shellScript = "\"${SRCROOT}/Pods/Target Support Files/Pods-VeetoAppTests/Pods-VeetoAppTests-resources.sh\"\n";
			showEnvVarsInLog = 0;
		};
		692184265A8D9A8B012B2EDC /* [CP] Check Pods Manifest.lock */ = {
			isa = PBXShellScriptBuildPhase;
			buildActionMask = 2147483647;
			files = (
			);
			inputPaths = (
			);
			name = "[CP] Check Pods Manifest.lock";
			outputPaths = (
			);
			runOnlyForDeploymentPostprocessing = 0;
			shellPath = /bin/sh;
			shellScript = "diff \"${PODS_PODFILE_DIR_PATH}/Podfile.lock\" \"${PODS_ROOT}/Manifest.lock\" > /dev/null\nif [ $? != 0 ] ; then\n    # print error to STDERR\n    echo \"error: The sandbox is not in sync with the Podfile.lock. Run 'pod install' or update your CocoaPods installation.\" >&2\n    exit 1\nfi\n";
			showEnvVarsInLog = 0;
		};
		7C2E7BFE4B1643061EBBDBA2 /* [CP] Embed Pods Frameworks */ = {
			isa = PBXShellScriptBuildPhase;
			buildActionMask = 2147483647;
			files = (
			);
			inputPaths = (
			);
			name = "[CP] Embed Pods Frameworks";
			outputPaths = (
			);
			runOnlyForDeploymentPostprocessing = 0;
			shellPath = /bin/sh;
			shellScript = "\"${SRCROOT}/Pods/Target Support Files/Pods-VeetoApp/Pods-VeetoApp-frameworks.sh\"\n";
			showEnvVarsInLog = 0;
		};
		84FC8412D079FB43573B0D12 /* [CP] Embed Pods Frameworks */ = {
			isa = PBXShellScriptBuildPhase;
			buildActionMask = 2147483647;
			files = (
			);
			inputPaths = (
			);
			name = "[CP] Embed Pods Frameworks";
			outputPaths = (
			);
			runOnlyForDeploymentPostprocessing = 0;
			shellPath = /bin/sh;
			shellScript = "\"${SRCROOT}/Pods/Target Support Files/Pods-VeetoAppTests/Pods-VeetoAppTests-frameworks.sh\"\n";
			showEnvVarsInLog = 0;
		};
		93E7BEE51D7528F7E583EA9C /* [CP] Copy Pods Resources */ = {
			isa = PBXShellScriptBuildPhase;
			buildActionMask = 2147483647;
			files = (
			);
			inputPaths = (
			);
			name = "[CP] Copy Pods Resources";
			outputPaths = (
			);
			runOnlyForDeploymentPostprocessing = 0;
			shellPath = /bin/sh;
			shellScript = "\"${SRCROOT}/Pods/Target Support Files/Pods-VeetoApp/Pods-VeetoApp-resources.sh\"\n";
			showEnvVarsInLog = 0;
		};
		9CC87F42B628C91BA6E15B64 /* [CP] Embed Pods Frameworks */ = {
			isa = PBXShellScriptBuildPhase;
			buildActionMask = 2147483647;
			files = (
			);
			inputPaths = (
			);
			name = "[CP] Embed Pods Frameworks";
			outputPaths = (
			);
			runOnlyForDeploymentPostprocessing = 0;
			shellPath = /bin/sh;
			shellScript = "\"${SRCROOT}/Pods/Target Support Files/Pods-VeetoAppUITests/Pods-VeetoAppUITests-frameworks.sh\"\n";
			showEnvVarsInLog = 0;
		};
/* End PBXShellScriptBuildPhase section */

/* Begin PBXSourcesBuildPhase section */
		A24A117F1F0ACD9500B73D92 /* Sources */ = {
			isa = PBXSourcesBuildPhase;
			buildActionMask = 2147483647;
			files = (
				A24A11891F0ACD9500B73D92 /* MenuViewController.swift in Sources */,
				A24A118F1F0ACD9500B73D92 /* VeetoApp.xcdatamodeld in Sources */,
				A24A11871F0ACD9500B73D92 /* AppDelegate.swift in Sources */,
				A282F44D1F2128F7005E3B3F /* JsonHelper.swift in Sources */,
				A20A03471F100517004C21B1 /* GameViewController.swift in Sources */,
				A20A03451F0FF276004C21B1 /* Constants.swift in Sources */,
				A2DFCB0A1F1D2BF2008E721C /* Card.swift in Sources */,
				A240B0701F13EE6E00592B04 /* FinalResultViewController.swift in Sources */,
				A2FC5F031F0D42010050E629 /* SingleModeViewController.swift in Sources */,
				A215C7C01F1696D400F3B139 /* CardCollectionViewCell.swift in Sources */,
				A282F44F1F212A78005E3B3F /* CardProvider.swift in Sources */,
				A2FC5F071F0D45780050E629 /* ResultViewController.swift in Sources */,
			);
			runOnlyForDeploymentPostprocessing = 0;
		};
		A24A11961F0ACD9500B73D92 /* Sources */ = {
			isa = PBXSourcesBuildPhase;
			buildActionMask = 2147483647;
			files = (
				A24A119F1F0ACD9500B73D92 /* VeetoAppTests.swift in Sources */,
			);
			runOnlyForDeploymentPostprocessing = 0;
		};
		A24A11A11F0ACD9500B73D92 /* Sources */ = {
			isa = PBXSourcesBuildPhase;
			buildActionMask = 2147483647;
			files = (
				A24A11AA1F0ACD9500B73D92 /* VeetoAppUITests.swift in Sources */,
			);
			runOnlyForDeploymentPostprocessing = 0;
		};
/* End PBXSourcesBuildPhase section */

/* Begin PBXTargetDependency section */
		A24A119C1F0ACD9500B73D92 /* PBXTargetDependency */ = {
			isa = PBXTargetDependency;
			target = A24A11821F0ACD9500B73D92 /* VeetoApp */;
			targetProxy = A24A119B1F0ACD9500B73D92 /* PBXContainerItemProxy */;
		};
		A24A11A71F0ACD9500B73D92 /* PBXTargetDependency */ = {
			isa = PBXTargetDependency;
			target = A24A11821F0ACD9500B73D92 /* VeetoApp */;
			targetProxy = A24A11A61F0ACD9500B73D92 /* PBXContainerItemProxy */;
		};
/* End PBXTargetDependency section */

/* Begin PBXVariantGroup section */
		A24A118A1F0ACD9500B73D92 /* Main.storyboard */ = {
			isa = PBXVariantGroup;
			children = (
				A24A118B1F0ACD9500B73D92 /* Base */,
			);
			name = Main.storyboard;
			sourceTree = "<group>";
		};
		A24A11921F0ACD9500B73D92 /* LaunchScreen.storyboard */ = {
			isa = PBXVariantGroup;
			children = (
				A24A11931F0ACD9500B73D92 /* Base */,
			);
			name = LaunchScreen.storyboard;
			sourceTree = "<group>";
		};
/* End PBXVariantGroup section */

/* Begin XCBuildConfiguration section */
		A24A11AC1F0ACD9500B73D92 /* Debug */ = {
			isa = XCBuildConfiguration;
			buildSettings = {
				ALWAYS_SEARCH_USER_PATHS = NO;
				CLANG_ANALYZER_NONNULL = YES;
				CLANG_ANALYZER_NUMBER_OBJECT_CONVERSION = YES_AGGRESSIVE;
				CLANG_CXX_LANGUAGE_STANDARD = "gnu++0x";
				CLANG_CXX_LIBRARY = "libc++";
				CLANG_ENABLE_MODULES = YES;
				CLANG_ENABLE_OBJC_ARC = YES;
				CLANG_WARN_BOOL_CONVERSION = YES;
				CLANG_WARN_CONSTANT_CONVERSION = YES;
				CLANG_WARN_DIRECT_OBJC_ISA_USAGE = YES_ERROR;
				CLANG_WARN_DOCUMENTATION_COMMENTS = YES;
				CLANG_WARN_EMPTY_BODY = YES;
				CLANG_WARN_ENUM_CONVERSION = YES;
				CLANG_WARN_INFINITE_RECURSION = YES;
				CLANG_WARN_INT_CONVERSION = YES;
				CLANG_WARN_OBJC_ROOT_CLASS = YES_ERROR;
				CLANG_WARN_SUSPICIOUS_MOVE = YES;
				CLANG_WARN_UNREACHABLE_CODE = YES;
				CLANG_WARN__DUPLICATE_METHOD_MATCH = YES;
				"CODE_SIGN_IDENTITY[sdk=iphoneos*]" = "iPhone Developer";
				COPY_PHASE_STRIP = NO;
				DEBUG_INFORMATION_FORMAT = dwarf;
				ENABLE_STRICT_OBJC_MSGSEND = YES;
				ENABLE_TESTABILITY = YES;
				GCC_C_LANGUAGE_STANDARD = gnu99;
				GCC_DYNAMIC_NO_PIC = NO;
				GCC_NO_COMMON_BLOCKS = YES;
				GCC_OPTIMIZATION_LEVEL = 0;
				GCC_PREPROCESSOR_DEFINITIONS = (
					"DEBUG=1",
					"$(inherited)",
				);
				GCC_WARN_64_TO_32_BIT_CONVERSION = YES;
				GCC_WARN_ABOUT_RETURN_TYPE = YES_ERROR;
				GCC_WARN_UNDECLARED_SELECTOR = YES;
				GCC_WARN_UNINITIALIZED_AUTOS = YES_AGGRESSIVE;
				GCC_WARN_UNUSED_FUNCTION = YES;
				GCC_WARN_UNUSED_VARIABLE = YES;
				IPHONEOS_DEPLOYMENT_TARGET = 10.3;
				MTL_ENABLE_DEBUG_INFO = YES;
				ONLY_ACTIVE_ARCH = YES;
				SDKROOT = iphoneos;
				SWIFT_ACTIVE_COMPILATION_CONDITIONS = DEBUG;
				SWIFT_OPTIMIZATION_LEVEL = "-Onone";
			};
			name = Debug;
		};
		A24A11AD1F0ACD9500B73D92 /* Release */ = {
			isa = XCBuildConfiguration;
			buildSettings = {
				ALWAYS_SEARCH_USER_PATHS = NO;
				CLANG_ANALYZER_NONNULL = YES;
				CLANG_ANALYZER_NUMBER_OBJECT_CONVERSION = YES_AGGRESSIVE;
				CLANG_CXX_LANGUAGE_STANDARD = "gnu++0x";
				CLANG_CXX_LIBRARY = "libc++";
				CLANG_ENABLE_MODULES = YES;
				CLANG_ENABLE_OBJC_ARC = YES;
				CLANG_WARN_BOOL_CONVERSION = YES;
				CLANG_WARN_CONSTANT_CONVERSION = YES;
				CLANG_WARN_DIRECT_OBJC_ISA_USAGE = YES_ERROR;
				CLANG_WARN_DOCUMENTATION_COMMENTS = YES;
				CLANG_WARN_EMPTY_BODY = YES;
				CLANG_WARN_ENUM_CONVERSION = YES;
				CLANG_WARN_INFINITE_RECURSION = YES;
				CLANG_WARN_INT_CONVERSION = YES;
				CLANG_WARN_OBJC_ROOT_CLASS = YES_ERROR;
				CLANG_WARN_SUSPICIOUS_MOVE = YES;
				CLANG_WARN_UNREACHABLE_CODE = YES;
				CLANG_WARN__DUPLICATE_METHOD_MATCH = YES;
				"CODE_SIGN_IDENTITY[sdk=iphoneos*]" = "iPhone Developer";
				COPY_PHASE_STRIP = NO;
				DEBUG_INFORMATION_FORMAT = "dwarf-with-dsym";
				ENABLE_NS_ASSERTIONS = NO;
				ENABLE_STRICT_OBJC_MSGSEND = YES;
				GCC_C_LANGUAGE_STANDARD = gnu99;
				GCC_NO_COMMON_BLOCKS = YES;
				GCC_WARN_64_TO_32_BIT_CONVERSION = YES;
				GCC_WARN_ABOUT_RETURN_TYPE = YES_ERROR;
				GCC_WARN_UNDECLARED_SELECTOR = YES;
				GCC_WARN_UNINITIALIZED_AUTOS = YES_AGGRESSIVE;
				GCC_WARN_UNUSED_FUNCTION = YES;
				GCC_WARN_UNUSED_VARIABLE = YES;
				IPHONEOS_DEPLOYMENT_TARGET = 10.3;
				MTL_ENABLE_DEBUG_INFO = NO;
				SDKROOT = iphoneos;
				SWIFT_OPTIMIZATION_LEVEL = "-Owholemodule";
				VALIDATE_PRODUCT = YES;
			};
			name = Release;
		};
		A24A11AF1F0ACD9500B73D92 /* Debug */ = {
			isa = XCBuildConfiguration;
			baseConfigurationReference = 594809CB36C97B8B749016C7 /* Pods-VeetoApp.debug.xcconfig */;
			buildSettings = {
				ASSETCATALOG_COMPILER_APPICON_NAME = AppIcon;
				DEVELOPMENT_TEAM = YE6GS5VH8M;
				INFOPLIST_FILE = VeetoApp/Info.plist;
				IPHONEOS_DEPLOYMENT_TARGET = 10.0;
				LD_RUNPATH_SEARCH_PATHS = "$(inherited) @executable_path/Frameworks";
				PRODUCT_BUNDLE_IDENTIFIER = com.ifce.bepid.Veeto;
				PRODUCT_NAME = "$(TARGET_NAME)";
				SWIFT_VERSION = 3.0;
				TARGETED_DEVICE_FAMILY = 1;
			};
			name = Debug;
		};
		A24A11B01F0ACD9500B73D92 /* Release */ = {
			isa = XCBuildConfiguration;
			baseConfigurationReference = 26B229150EBC2C853DBA2AD4 /* Pods-VeetoApp.release.xcconfig */;
			buildSettings = {
				ASSETCATALOG_COMPILER_APPICON_NAME = AppIcon;
				DEVELOPMENT_TEAM = YE6GS5VH8M;
				INFOPLIST_FILE = VeetoApp/Info.plist;
				IPHONEOS_DEPLOYMENT_TARGET = 10.0;
				LD_RUNPATH_SEARCH_PATHS = "$(inherited) @executable_path/Frameworks";
				PRODUCT_BUNDLE_IDENTIFIER = com.ifce.bepid.Veeto;
				PRODUCT_NAME = "$(TARGET_NAME)";
				SWIFT_VERSION = 3.0;
				TARGETED_DEVICE_FAMILY = 1;
			};
			name = Release;
		};
		A24A11B21F0ACD9500B73D92 /* Debug */ = {
			isa = XCBuildConfiguration;
			baseConfigurationReference = 4794831C131C9732B6B21F40 /* Pods-VeetoAppTests.debug.xcconfig */;
			buildSettings = {
				ALWAYS_EMBED_SWIFT_STANDARD_LIBRARIES = YES;
				BUNDLE_LOADER = "$(TEST_HOST)";
				INFOPLIST_FILE = VeetoAppTests/Info.plist;
				LD_RUNPATH_SEARCH_PATHS = "$(inherited) @executable_path/Frameworks @loader_path/Frameworks";
				PRODUCT_BUNDLE_IDENTIFIER = IFCE.VeetoAppTests;
				PRODUCT_NAME = "$(TARGET_NAME)";
				SWIFT_VERSION = 3.0;
				TEST_HOST = "$(BUILT_PRODUCTS_DIR)/VeetoApp.app/VeetoApp";
			};
			name = Debug;
		};
		A24A11B31F0ACD9500B73D92 /* Release */ = {
			isa = XCBuildConfiguration;
			baseConfigurationReference = 942C8FFF7232FB2958E9B229 /* Pods-VeetoAppTests.release.xcconfig */;
			buildSettings = {
				ALWAYS_EMBED_SWIFT_STANDARD_LIBRARIES = YES;
				BUNDLE_LOADER = "$(TEST_HOST)";
				INFOPLIST_FILE = VeetoAppTests/Info.plist;
				LD_RUNPATH_SEARCH_PATHS = "$(inherited) @executable_path/Frameworks @loader_path/Frameworks";
				PRODUCT_BUNDLE_IDENTIFIER = IFCE.VeetoAppTests;
				PRODUCT_NAME = "$(TARGET_NAME)";
				SWIFT_VERSION = 3.0;
				TEST_HOST = "$(BUILT_PRODUCTS_DIR)/VeetoApp.app/VeetoApp";
			};
			name = Release;
		};
		A24A11B51F0ACD9500B73D92 /* Debug */ = {
			isa = XCBuildConfiguration;
			baseConfigurationReference = 7867A23B0B4294DCAD347E65 /* Pods-VeetoAppUITests.debug.xcconfig */;
			buildSettings = {
				ALWAYS_EMBED_SWIFT_STANDARD_LIBRARIES = YES;
				INFOPLIST_FILE = VeetoAppUITests/Info.plist;
				LD_RUNPATH_SEARCH_PATHS = "$(inherited) @executable_path/Frameworks @loader_path/Frameworks";
				PRODUCT_BUNDLE_IDENTIFIER = IFCE.VeetoAppUITests;
				PRODUCT_NAME = "$(TARGET_NAME)";
				SWIFT_VERSION = 3.0;
				TEST_TARGET_NAME = VeetoApp;
			};
			name = Debug;
		};
		A24A11B61F0ACD9500B73D92 /* Release */ = {
			isa = XCBuildConfiguration;
			baseConfigurationReference = FA2FEF6631257D02FCB783C7 /* Pods-VeetoAppUITests.release.xcconfig */;
			buildSettings = {
				ALWAYS_EMBED_SWIFT_STANDARD_LIBRARIES = YES;
				INFOPLIST_FILE = VeetoAppUITests/Info.plist;
				LD_RUNPATH_SEARCH_PATHS = "$(inherited) @executable_path/Frameworks @loader_path/Frameworks";
				PRODUCT_BUNDLE_IDENTIFIER = IFCE.VeetoAppUITests;
				PRODUCT_NAME = "$(TARGET_NAME)";
				SWIFT_VERSION = 3.0;
				TEST_TARGET_NAME = VeetoApp;
			};
			name = Release;
		};
/* End XCBuildConfiguration section */

/* Begin XCConfigurationList section */
		A24A117E1F0ACD9500B73D92 /* Build configuration list for PBXProject "VeetoApp" */ = {
			isa = XCConfigurationList;
			buildConfigurations = (
				A24A11AC1F0ACD9500B73D92 /* Debug */,
				A24A11AD1F0ACD9500B73D92 /* Release */,
			);
			defaultConfigurationIsVisible = 0;
			defaultConfigurationName = Release;
		};
		A24A11AE1F0ACD9500B73D92 /* Build configuration list for PBXNativeTarget "VeetoApp" */ = {
			isa = XCConfigurationList;
			buildConfigurations = (
				A24A11AF1F0ACD9500B73D92 /* Debug */,
				A24A11B01F0ACD9500B73D92 /* Release */,
			);
			defaultConfigurationIsVisible = 0;
			defaultConfigurationName = Release;
		};
		A24A11B11F0ACD9500B73D92 /* Build configuration list for PBXNativeTarget "VeetoAppTests" */ = {
			isa = XCConfigurationList;
			buildConfigurations = (
				A24A11B21F0ACD9500B73D92 /* Debug */,
				A24A11B31F0ACD9500B73D92 /* Release */,
			);
			defaultConfigurationIsVisible = 0;
			defaultConfigurationName = Release;
		};
		A24A11B41F0ACD9500B73D92 /* Build configuration list for PBXNativeTarget "VeetoAppUITests" */ = {
			isa = XCConfigurationList;
			buildConfigurations = (
				A24A11B51F0ACD9500B73D92 /* Debug */,
				A24A11B61F0ACD9500B73D92 /* Release */,
			);
			defaultConfigurationIsVisible = 0;
			defaultConfigurationName = Release;
		};
/* End XCConfigurationList section */

/* Begin XCVersionGroup section */
		A24A118D1F0ACD9500B73D92 /* VeetoApp.xcdatamodeld */ = {
			isa = XCVersionGroup;
			children = (
				A24A118E1F0ACD9500B73D92 /* VeetoApp.xcdatamodel */,
			);
			currentVersion = A24A118E1F0ACD9500B73D92 /* VeetoApp.xcdatamodel */;
			path = VeetoApp.xcdatamodeld;
			sourceTree = "<group>";
			versionGroupType = wrapper.xcdatamodel;
		};
/* End XCVersionGroup section */
	};
	rootObject = A24A117B1F0ACD9500B73D92 /* Project object */;
}
